PODS:
  - AppAuth (1.4.0):
    - AppAuth/Core (= 1.4.0)
    - AppAuth/ExternalUserAgent (= 1.4.0)
  - AppAuth/Core (1.4.0)
  - AppAuth/ExternalUserAgent (1.4.0)
  - cloud_firestore (2.2.0):
    - Firebase/Firestore (= 8.0.0)
    - firebase_core
    - Flutter
  - DKImagePickerController/Core (4.3.2):
    - DKImagePickerController/ImageDataManager
    - DKImagePickerController/Resource
  - DKImagePickerController/ImageDataManager (4.3.2)
  - DKImagePickerController/PhotoGallery (4.3.2):
    - DKImagePickerController/Core
    - DKPhotoGallery
  - DKImagePickerController/Resource (4.3.2)
  - DKPhotoGallery (0.0.17):
    - DKPhotoGallery/Core (= 0.0.17)
    - DKPhotoGallery/Model (= 0.0.17)
    - DKPhotoGallery/Preview (= 0.0.17)
    - DKPhotoGallery/Resource (= 0.0.17)
    - SDWebImage
    - SwiftyGif
  - DKPhotoGallery/Core (0.0.17):
    - DKPhotoGallery/Model
    - DKPhotoGallery/Preview
    - SDWebImage
    - SwiftyGif
  - DKPhotoGallery/Model (0.0.17):
    - SDWebImage
    - SwiftyGif
  - DKPhotoGallery/Preview (0.0.17):
    - DKPhotoGallery/Model
    - DKPhotoGallery/Resource
    - SDWebImage
    - SwiftyGif
  - DKPhotoGallery/Resource (0.0.17):
    - SDWebImage
    - SwiftyGif
  - file_picker (0.0.1):
    - DKImagePickerController/PhotoGallery
    - Flutter
  - Firebase/Auth (8.0.0):
    - Firebase/CoreOnly
    - FirebaseAuth (~> 8.0.0)
  - Firebase/CoreOnly (8.0.0):
    - FirebaseCore (= 8.0.0)
  - Firebase/Firestore (8.0.0):
    - Firebase/CoreOnly
    - FirebaseFirestore (~> 8.0.0)
  - Firebase/Storage (8.0.0):
    - Firebase/CoreOnly
    - FirebaseStorage (~> 8.0.0)
  - firebase_auth (1.2.0):
    - Firebase/Auth (= 8.0.0)
    - firebase_core
    - Flutter
  - firebase_core (1.2.0):
    - Firebase/CoreOnly (= 8.0.0)
    - Flutter
  - firebase_storage (8.1.0):
    - Firebase/Storage (= 8.0.0)
    - firebase_core
    - Flutter
  - FirebaseAuth (8.0.0):
    - FirebaseCore (~> 8.0)
    - GoogleUtilities/AppDelegateSwizzler (~> 7.4)
    - GoogleUtilities/Environment (~> 7.4)
    - GTMSessionFetcher/Core (~> 1.5)
  - FirebaseCore (8.0.0):
    - FirebaseCoreDiagnostics (~> 8.0)
    - GoogleUtilities/Environment (~> 7.4)
    - GoogleUtilities/Logger (~> 7.4)
  - FirebaseCoreDiagnostics (8.0.0):
    - GoogleDataTransport (~> 9.0)
    - GoogleUtilities/Environment (~> 7.4)
    - GoogleUtilities/Logger (~> 7.4)
    - nanopb (~> 2.30908.0)
  - FirebaseFirestore (8.0.0):
    - FirebaseFirestore/AutodetectLeveldb (= 8.0.0)
  - FirebaseFirestore/AutodetectLeveldb (8.0.0):
    - FirebaseFirestore/Base
    - FirebaseFirestore/WithLeveldb
  - FirebaseFirestore/Base (8.0.0)
  - FirebaseFirestore/WithLeveldb (8.0.0):
    - FirebaseFirestore/Base
  - FirebaseStorage (8.0.0):
    - FirebaseCore (~> 8.0)
    - GTMSessionFetcher/Core (~> 1.5)
  - Flutter (1.0.0)
  - flutter_config (0.0.1):
    - Flutter
  - google_sign_in (0.0.1):
    - Flutter
    - GoogleSignIn (~> 5.0)
  - GoogleDataTransport (9.0.0):
    - GoogleUtilities/Environment (~> 7.2)
    - nanopb (~> 2.30908.0)
    - PromisesObjC (~> 1.2)
  - GoogleSignIn (5.0.2):
    - AppAuth (~> 1.2)
    - GTMAppAuth (~> 1.0)
    - GTMSessionFetcher/Core (~> 1.1)
  - GoogleUtilities/AppDelegateSwizzler (7.4.1):
    - GoogleUtilities/Environment
    - GoogleUtilities/Logger
    - GoogleUtilities/Network
  - GoogleUtilities/Environment (7.4.1):
    - PromisesObjC (~> 1.2)
  - GoogleUtilities/Logger (7.4.1):
    - GoogleUtilities/Environment
  - GoogleUtilities/Network (7.4.1):
    - GoogleUtilities/Logger
    - "GoogleUtilities/NSData+zlib"
    - GoogleUtilities/Reachability
  - "GoogleUtilities/NSData+zlib (7.4.1)"
  - GoogleUtilities/Reachability (7.4.1):
    - GoogleUtilities/Logger
  - GTMAppAuth (1.2.2):
    - AppAuth/Core (~> 1.4)
    - GTMSessionFetcher/Core (~> 1.5)
  - GTMSessionFetcher/Core (1.5.0)
  - image_picker (0.0.1):
    - Flutter
  - nanopb (2.30908.0):
    - nanopb/decode (= 2.30908.0)
    - nanopb/encode (= 2.30908.0)
  - nanopb/decode (2.30908.0)
  - nanopb/encode (2.30908.0)
  - open_file (0.0.1):
    - Flutter
  - path_provider (0.0.1):
    - Flutter
  - PromisesObjC (1.2.12)
  - SDWebImage (5.11.1):
    - SDWebImage/Core (= 5.11.1)
  - SDWebImage/Core (5.11.1)
  - sign_in_with_apple (0.0.1):
    - Flutter
  - SwiftyGif (5.4.0)
  - url_launcher (0.0.1):
    - Flutter

DEPENDENCIES:
  - cloud_firestore (from `.symlinks/plugins/cloud_firestore/ios`)
  - file_picker (from `.symlinks/plugins/file_picker/ios`)
  - firebase_auth (from `.symlinks/plugins/firebase_auth/ios`)
  - firebase_core (from `.symlinks/plugins/firebase_core/ios`)
  - firebase_storage (from `.symlinks/plugins/firebase_storage/ios`)
  - FirebaseFirestore (from `https://github.com/invertase/firestore-ios-sdk-frameworks.git`, tag `8.0.0`)
  - Flutter (from `Flutter`)
  - flutter_config (from `.symlinks/plugins/flutter_config/ios`)
  - google_sign_in (from `.symlinks/plugins/google_sign_in/ios`)
  - image_picker (from `.symlinks/plugins/image_picker/ios`)
  - open_file (from `.symlinks/plugins/open_file/ios`)
  - path_provider (from `.symlinks/plugins/path_provider/ios`)
  - sign_in_with_apple (from `.symlinks/plugins/sign_in_with_apple/ios`)
  - url_launcher (from `.symlinks/plugins/url_launcher/ios`)

SPEC REPOS:
  trunk:
    - AppAuth
    - DKImagePickerController
    - DKPhotoGallery
    - Firebase
    - FirebaseAuth
    - FirebaseCore
    - FirebaseCoreDiagnostics
    - FirebaseStorage
    - GoogleDataTransport
    - GoogleSignIn
    - GoogleUtilities
    - GTMAppAuth
    - GTMSessionFetcher
    - nanopb
    - PromisesObjC
    - SDWebImage
    - SwiftyGif

EXTERNAL SOURCES:
  cloud_firestore:
    :path: ".symlinks/plugins/cloud_firestore/ios"
  file_picker:
    :path: ".symlinks/plugins/file_picker/ios"
  firebase_auth:
    :path: ".symlinks/plugins/firebase_auth/ios"
  firebase_core:
    :path: ".symlinks/plugins/firebase_core/ios"
  firebase_storage:
    :path: ".symlinks/plugins/firebase_storage/ios"
  FirebaseFirestore:
    :git: https://github.com/invertase/firestore-ios-sdk-frameworks.git
    :tag: 8.0.0
  Flutter:
    :path: Flutter
  flutter_config:
    :path: ".symlinks/plugins/flutter_config/ios"
  google_sign_in:
    :path: ".symlinks/plugins/google_sign_in/ios"
  image_picker:
    :path: ".symlinks/plugins/image_picker/ios"
  open_file:
    :path: ".symlinks/plugins/open_file/ios"
  path_provider:
    :path: ".symlinks/plugins/path_provider/ios"
  sign_in_with_apple:
    :path: ".symlinks/plugins/sign_in_with_apple/ios"
  url_launcher:
    :path: ".symlinks/plugins/url_launcher/ios"

CHECKOUT OPTIONS:
  FirebaseFirestore:
    :git: https://github.com/invertase/firestore-ios-sdk-frameworks.git
    :tag: 8.0.0

SPEC CHECKSUMS:
  AppAuth: 31bcec809a638d7bd2f86ea8a52bd45f6e81e7c7
  cloud_firestore: 8ead368e38b40bb2a4c97458b7b99272399f2214
  DKImagePickerController: b5eb7f7a388e4643264105d648d01f727110fc3d
  DKPhotoGallery: fdfad5125a9fdda9cc57df834d49df790dbb4179
  file_picker: 3e6c3790de664ccf9b882732d9db5eaf6b8d4eb1
  Firebase: 73c3e3b216ec1ecbc54d2ffdd4670c65c749edb1
  firebase_auth: f960df4ddd8cb415859dbc01a02d7859925ddef0
  firebase_core: e4d3efb030a2b2021819f8faa538bb23deb46695
  firebase_storage: 6ea45fdb1976a9a32bf42d1a285a0103a97faaae
  FirebaseAuth: b8cd992fca5b53dc6eec09e873a3f375f000c5a1
  FirebaseCore: 3f09591d51292843e2a46f18358d60bf4e996255
  FirebaseCoreDiagnostics: a31d987ba0fe16d59886a5dbadc2f1de871f88c8
  FirebaseFirestore: 0d1548ab6085002d87c173ce3f881129f39b3565
  FirebaseStorage: 61bcd27880fa17362f68be67d3683d04bfd7b1c7
  Flutter: 434fef37c0980e73bb6479ef766c45957d4b510c
  flutter_config: 2226c1df19c78fe34a05eb7f1363445f18e76fc1
  google_sign_in: 6bd214b9c154f881422f5fe27b66aaa7bbd580cc
  GoogleDataTransport: 11e3a5f2c190327df1a4a5d7e7ae3d4d5b9c9e4c
  GoogleSignIn: 7137d297ddc022a7e0aa4619c86d72c909fa7213
  GoogleUtilities: f8a43108b38a68eebe8b3540e1f4f2d28843ce20
  GTMAppAuth: ad5c2b70b9a8689e1a04033c9369c4915bfcbe89
  GTMSessionFetcher: b3503b20a988c4e20cc189aa798fd18220133f52
  image_picker: 50e7c7ff960e5f58faa4d1f4af84a771c671bc4a
  nanopb: a0ba3315591a9ae0a16a309ee504766e90db0c96
  open_file: 02eb5cb6b21264bd3a696876f5afbfb7ca4f4b7d
  path_provider: abfe2b5c733d04e238b0d8691db0cfd63a27a93c
  PromisesObjC: 3113f7f76903778cf4a0586bd1ab89329a0b7b97
  SDWebImage: a7f831e1a65eb5e285e3fb046a23fcfbf08e696d
  sign_in_with_apple: 34f3f5456a45fd7ac5fb42905e2ad31dae061b4a
  SwiftyGif: 5d4af95df24caf1c570dbbcb32a3b8a0763bc6d7
  url_launcher: 6fef411d543ceb26efce54b05a0a40bfd74cbbef

PODFILE CHECKSUM: dc96d692672348ff0b7c79a0ddf8d4b8d573ccf1

COCOAPODS: 1.10.1
